// !$*UTF8*$!
{
	archiveVersion = 1;
	classes = {
	};
	objectVersion = 46;
	objects = {

/* Begin PBXBuildFile section */
		051AAC621E4FA9DC002DE2B1 /* MovieCellTableViewCell.swift in Sources */ = {isa = PBXBuildFile; fileRef = 051AAC601E4FA9DC002DE2B1 /* MovieCellTableViewCell.swift */; };
		051AAC631E4FA9DC002DE2B1 /* MovieCellTableViewCell.xib in Resources */ = {isa = PBXBuildFile; fileRef = 051AAC611E4FA9DC002DE2B1 /* MovieCellTableViewCell.xib */; };
		051AAC671E4FAC1E002DE2B1 /* eyes.jpg in Resources */ = {isa = PBXBuildFile; fileRef = 051AAC661E4FAC1E002DE2B1 /* eyes.jpg */; };
		053C4A201E4E761F00CEFFFC /* AppDelegate.swift in Sources */ = {isa = PBXBuildFile; fileRef = 053C4A1F1E4E761F00CEFFFC /* AppDelegate.swift */; };
		053C4A221E4E761F00CEFFFC /* SearchViewController.swift in Sources */ = {isa = PBXBuildFile; fileRef = 053C4A211E4E761F00CEFFFC /* SearchViewController.swift */; };
		053C4A251E4E761F00CEFFFC /* Main.storyboard in Resources */ = {isa = PBXBuildFile; fileRef = 053C4A231E4E761F00CEFFFC /* Main.storyboard */; };
		053C4A271E4E761F00CEFFFC /* Assets.xcassets in Resources */ = {isa = PBXBuildFile; fileRef = 053C4A261E4E761F00CEFFFC /* Assets.xcassets */; };
		053C4A2A1E4E761F00CEFFFC /* LaunchScreen.storyboard in Resources */ = {isa = PBXBuildFile; fileRef = 053C4A281E4E761F00CEFFFC /* LaunchScreen.storyboard */; };
		2CC18416D027373CF4DC664C /* libPods-brws-mv.a in Frameworks */ = {isa = PBXBuildFile; fileRef = 4B08DB7A82D174E5EEFCAD12 /* libPods-brws-mv.a */; };
/* End PBXBuildFile section */

/* Begin PBXFileReference section */
		051AAC601E4FA9DC002DE2B1 /* MovieCellTableViewCell.swift */ = {isa = PBXFileReference; fileEncoding = 4; lastKnownFileType = sourcecode.swift; path = MovieCellTableViewCell.swift; sourceTree = "<group>"; };
		051AAC611E4FA9DC002DE2B1 /* MovieCellTableViewCell.xib */ = {isa = PBXFileReference; fileEncoding = 4; lastKnownFileType = file.xib; path = MovieCellTableViewCell.xib; sourceTree = "<group>"; };
		051AAC661E4FAC1E002DE2B1 /* eyes.jpg */ = {isa = PBXFileReference; lastKnownFileType = image.jpeg; path = eyes.jpg; sourceTree = "<group>"; };
		053C4A1C1E4E761F00CEFFFC /* brws-mv.app */ = {isa = PBXFileReference; explicitFileType = wrapper.application; includeInIndex = 0; path = "brws-mv.app"; sourceTree = BUILT_PRODUCTS_DIR; };
		053C4A1F1E4E761F00CEFFFC /* AppDelegate.swift */ = {isa = PBXFileReference; lastKnownFileType = sourcecode.swift; path = AppDelegate.swift; sourceTree = "<group>"; };
		053C4A211E4E761F00CEFFFC /* SearchViewController.swift */ = {isa = PBXFileReference; lastKnownFileType = sourcecode.swift; path = SearchViewController.swift; sourceTree = "<group>"; };
		053C4A241E4E761F00CEFFFC /* Base */ = {isa = PBXFileReference; lastKnownFileType = file.storyboard; name = Base; path = Base.lproj/Main.storyboard; sourceTree = "<group>"; };
		053C4A261E4E761F00CEFFFC /* Assets.xcassets */ = {isa = PBXFileReference; lastKnownFileType = folder.assetcatalog; path = Assets.xcassets; sourceTree = "<group>"; };
		053C4A291E4E761F00CEFFFC /* Base */ = {isa = PBXFileReference; lastKnownFileType = file.storyboard; name = Base; path = Base.lproj/LaunchScreen.storyboard; sourceTree = "<group>"; };
		053C4A2B1E4E761F00CEFFFC /* Info.plist */ = {isa = PBXFileReference; lastKnownFileType = text.plist.xml; path = Info.plist; sourceTree = "<group>"; };
		45B2B3B1B0134CCE49117C95 /* Pods-brws-mv.debug.xcconfig */ = {isa = PBXFileReference; includeInIndex = 1; lastKnownFileType = text.xcconfig; name = "Pods-brws-mv.debug.xcconfig"; path = "Pods/Target Support Files/Pods-brws-mv/Pods-brws-mv.debug.xcconfig"; sourceTree = "<group>"; };
		4B08DB7A82D174E5EEFCAD12 /* libPods-brws-mv.a */ = {isa = PBXFileReference; explicitFileType = archive.ar; includeInIndex = 0; path = "libPods-brws-mv.a"; sourceTree = BUILT_PRODUCTS_DIR; };
		7DEB7BD0E911B9F31446C520 /* Pods-brws-mv.release.xcconfig */ = {isa = PBXFileReference; includeInIndex = 1; lastKnownFileType = text.xcconfig; name = "Pods-brws-mv.release.xcconfig"; path = "Pods/Target Support Files/Pods-brws-mv/Pods-brws-mv.release.xcconfig"; sourceTree = "<group>"; };
/* End PBXFileReference section */

/* Begin PBXFrameworksBuildPhase section */
		053C4A191E4E761F00CEFFFC /* Frameworks */ = {
			isa = PBXFrameworksBuildPhase;
			buildActionMask = 2147483647;
			files = (
				2CC18416D027373CF4DC664C /* libPods-brws-mv.a in Frameworks */,
			);
			runOnlyForDeploymentPostprocessing = 0;
		};
/* End PBXFrameworksBuildPhase section */

/* Begin PBXGroup section */
		051AAC641E4FAC0F002DE2B1 /* assets */ = {
			isa = PBXGroup;
			children = (
				051AAC651E4FAC14002DE2B1 /* images */,
			);
			name = assets;
			sourceTree = "<group>";
		};
		051AAC651E4FAC14002DE2B1 /* images */ = {
			isa = PBXGroup;
			children = (
				051AAC661E4FAC1E002DE2B1 /* eyes.jpg */,
			);
			name = images;
			sourceTree = "<group>";
		};
		053C4A131E4E761F00CEFFFC = {
			isa = PBXGroup;
			children = (
				053C4A1E1E4E761F00CEFFFC /* brws-mv */,
				053C4A1D1E4E761F00CEFFFC /* Products */,
				DE8C225C9BEE20DBE845540D /* Pods */,
				96C0848E57F1D09F4BB469ED /* Frameworks */,
			);
			sourceTree = "<group>";
		};
		053C4A1D1E4E761F00CEFFFC /* Products */ = {
			isa = PBXGroup;
			children = (
				053C4A1C1E4E761F00CEFFFC /* brws-mv.app */,
			);
			name = Products;
			sourceTree = "<group>";
		};
		053C4A1E1E4E761F00CEFFFC /* brws-mv */ = {
			isa = PBXGroup;
			children = (
				051AAC641E4FAC0F002DE2B1 /* assets */,
				05D4B6DA1E4E7B790033CACE /* views */,
				05D4B6D91E4E7B690033CACE /* controllers */,
				053C4A1F1E4E761F00CEFFFC /* AppDelegate.swift */,
				053C4A231E4E761F00CEFFFC /* Main.storyboard */,
				053C4A261E4E761F00CEFFFC /* Assets.xcassets */,
				053C4A281E4E761F00CEFFFC /* LaunchScreen.storyboard */,
				053C4A2B1E4E761F00CEFFFC /* Info.plist */,
			);
			path = "brws-mv";
			sourceTree = "<group>";
		};
		05D4B6D91E4E7B690033CACE /* controllers */ = {
			isa = PBXGroup;
			children = (
				053C4A211E4E761F00CEFFFC /* SearchViewController.swift */,
			);
			name = controllers;
			sourceTree = "<group>";
		};
		05D4B6DA1E4E7B790033CACE /* views */ = {
			isa = PBXGroup;
			children = (
				051AAC601E4FA9DC002DE2B1 /* MovieCellTableViewCell.swift */,
				051AAC611E4FA9DC002DE2B1 /* MovieCellTableViewCell.xib */,
			);
			name = views;
			sourceTree = "<group>";
		};
		96C0848E57F1D09F4BB469ED /* Frameworks */ = {
			isa = PBXGroup;
			children = (
				4B08DB7A82D174E5EEFCAD12 /* libPods-brws-mv.a */,
			);
			name = Frameworks;
			sourceTree = "<group>";
		};
		DE8C225C9BEE20DBE845540D /* Pods */ = {
			isa = PBXGroup;
			children = (
				45B2B3B1B0134CCE49117C95 /* Pods-brws-mv.debug.xcconfig */,
				7DEB7BD0E911B9F31446C520 /* Pods-brws-mv.release.xcconfig */,
			);
			name = Pods;
			sourceTree = "<group>";
		};
/* End PBXGroup section */

/* Begin PBXNativeTarget section */
		053C4A1B1E4E761F00CEFFFC /* brws-mv */ = {
			isa = PBXNativeTarget;
			buildConfigurationList = 053C4A2E1E4E761F00CEFFFC /* Build configuration list for PBXNativeTarget "brws-mv" */;
			buildPhases = (
				D3CFDE7DDAF2A9487CBA6EFA /* [CP] Check Pods Manifest.lock */,
				053C4A181E4E761F00CEFFFC /* Sources */,
				053C4A191E4E761F00CEFFFC /* Frameworks */,
				053C4A1A1E4E761F00CEFFFC /* Resources */,
				F0359A36F616EE0A43072470 /* [CP] Embed Pods Frameworks */,
				BB82F3829A1FE3CB58E002C2 /* [CP] Copy Pods Resources */,
			);
			buildRules = (
			);
			dependencies = (
			);
			name = "brws-mv";
			productName = "brws-mv";
			productReference = 053C4A1C1E4E761F00CEFFFC /* brws-mv.app */;
			productType = "com.apple.product-type.application";
		};
/* End PBXNativeTarget section */

/* Begin PBXProject section */
		053C4A141E4E761F00CEFFFC /* Project object */ = {
			isa = PBXProject;
			attributes = {
				LastSwiftUpdateCheck = 0800;
				LastUpgradeCheck = 0800;
				ORGANIZATIONNAME = "Dunya Kirkali";
				TargetAttributes = {
					053C4A1B1E4E761F00CEFFFC = {
						CreatedOnToolsVersion = 8.0;
						DevelopmentTeam = RMWQMGE5WJ;
						ProvisioningStyle = Automatic;
					};
				};
			};
			buildConfigurationList = 053C4A171E4E761F00CEFFFC /* Build configuration list for PBXProject "brws-mv" */;
			compatibilityVersion = "Xcode 3.2";
			developmentRegion = English;
			hasScannedForEncodings = 0;
			knownRegions = (
				en,
				Base,
			);
			mainGroup = 053C4A131E4E761F00CEFFFC;
			productRefGroup = 053C4A1D1E4E761F00CEFFFC /* Products */;
			projectDirPath = "";
			projectRoot = "";
			targets = (
				053C4A1B1E4E761F00CEFFFC /* brws-mv */,
			);
		};
/* End PBXProject section */

/* Begin PBXResourcesBuildPhase section */
		053C4A1A1E4E761F00CEFFFC /* Resources */ = {
			isa = PBXResourcesBuildPhase;
			buildActionMask = 2147483647;
			files = (
				053C4A2A1E4E761F00CEFFFC /* LaunchScreen.storyboard in Resources */,
				053C4A271E4E761F00CEFFFC /* Assets.xcassets in Resources */,
				051AAC631E4FA9DC002DE2B1 /* MovieCellTableViewCell.xib in Resources */,
				051AAC671E4FAC1E002DE2B1 /* eyes.jpg in Resources */,
				053C4A251E4E761F00CEFFFC /* Main.storyboard in Resources */,
			);
			runOnlyForDeploymentPostprocessing = 0;
		};
/* End PBXResourcesBuildPhase section */

/* Begin PBXShellScriptBuildPhase section */
		BB82F3829A1FE3CB58E002C2 /* [CP] Copy Pods Resources */ = {
			isa = PBXShellScriptBuildPhase;
			buildActionMask = 2147483647;
			files = (
			);
			inputPaths = (
			);
			name = "[CP] Copy Pods Resources";
			outputPaths = (
			);
			runOnlyForDeploymentPostprocessing = 0;
			shellPath = /bin/sh;
			shellScript = "\"${SRCROOT}/Pods/Target Support Files/Pods-brws-mv/Pods-brws-mv-resources.sh\"\n";
			showEnvVarsInLog = 0;
		};
		D3CFDE7DDAF2A9487CBA6EFA /* [CP] Check Pods Manifest.lock */ = {
			isa = PBXShellScriptBuildPhase;
			buildActionMask = 2147483647;
			files = (
			);
			inputPaths = (
			);
			name = "[CP] Check Pods Manifest.lock";
			outputPaths = (
			);
			runOnlyForDeploymentPostprocessing = 0;
			shellPath = /bin/sh;
			shellScript = "diff \"${PODS_ROOT}/../Podfile.lock\" \"${PODS_ROOT}/Manifest.lock\" > /dev/null\nif [ $? != 0 ] ; then\n    # print error to STDERR\n    echo \"error: The sandbox is not in sync with the Podfile.lock. Run 'pod install' or update your CocoaPods installation.\" >&2\n    exit 1\nfi\n";
			showEnvVarsInLog = 0;
		};
		F0359A36F616EE0A43072470 /* [CP] Embed Pods Frameworks */ = {
			isa = PBXShellScriptBuildPhase;
			buildActionMask = 2147483647;
			files = (
			);
			inputPaths = (
			);
			name = "[CP] Embed Pods Frameworks";
			outputPaths = (
			);
			runOnlyForDeploymentPostprocessing = 0;
			shellPath = /bin/sh;
			shellScript = "\"${SRCROOT}/Pods/Target Support Files/Pods-brws-mv/Pods-brws-mv-frameworks.sh\"\n";
			showEnvVarsInLog = 0;
		};
/* End PBXShellScriptBuildPhase section */

/* Begin PBXSourcesBuildPhase section */
		053C4A181E4E761F00CEFFFC /* Sources */ = {
			isa = PBXSourcesBuildPhase;
			buildActionMask = 2147483647;
			files = (
				051AAC621E4FA9DC002DE2B1 /* MovieCellTableViewCell.swift in Sources */,
				053C4A221E4E761F00CEFFFC /* SearchViewController.swift in Sources */,
				053C4A201E4E761F00CEFFFC /* AppDelegate.swift in Sources */,
			);
			runOnlyForDeploymentPostprocessing = 0;
		};
/* End PBXSourcesBuildPhase section */

/* Begin PBXVariantGroup section */
		053C4A231E4E761F00CEFFFC /* Main.storyboard */ = {
			isa = PBXVariantGroup;
			children = (
				053C4A241E4E761F00CEFFFC /* Base */,
			);
			name = Main.storyboard;
			sourceTree = "<group>";
		};
		053C4A281E4E761F00CEFFFC /* LaunchScreen.storyboard */ = {
			isa = PBXVariantGroup;
			children = (
				053C4A291E4E761F00CEFFFC /* Base */,
			);
			name = LaunchScreen.storyboard;
			sourceTree = "<group>";
		};
/* End PBXVariantGroup section */

/* Begin XCBuildConfiguration section */
		053C4A2C1E4E761F00CEFFFC /* Debug */ = {
			isa = XCBuildConfiguration;
			buildSettings = {
				ALWAYS_SEARCH_USER_PATHS = NO;
				CLANG_ANALYZER_NONNULL = YES;
				CLANG_CXX_LANGUAGE_STANDARD = "gnu++0x";
				CLANG_CXX_LIBRARY = "libc++";
				CLANG_ENABLE_MODULES = YES;
				CLANG_ENABLE_OBJC_ARC = YES;
				CLANG_WARN_BOOL_CONVERSION = YES;
				CLANG_WARN_CONSTANT_CONVERSION = YES;
				CLANG_WARN_DIRECT_OBJC_ISA_USAGE = YES_ERROR;
				CLANG_WARN_DOCUMENTATION_COMMENTS = YES;
				CLANG_WARN_EMPTY_BODY = YES;
				CLANG_WARN_ENUM_CONVERSION = YES;
				CLANG_WARN_INFINITE_RECURSION = YES;
				CLANG_WARN_INT_CONVERSION = YES;
				CLANG_WARN_OBJC_ROOT_CLASS = YES_ERROR;
				CLANG_WARN_SUSPICIOUS_MOVES = YES;
				CLANG_WARN_UNREACHABLE_CODE = YES;
				CLANG_WARN__DUPLICATE_METHOD_MATCH = YES;
				"CODE_SIGN_IDENTITY[sdk=iphoneos*]" = "iPhone Developer";
				COPY_PHASE_STRIP = NO;
				DEBUG_INFORMATION_FORMAT = dwarf;
				ENABLE_STRICT_OBJC_MSGSEND = YES;
				ENABLE_TESTABILITY = YES;
				GCC_C_LANGUAGE_STANDARD = gnu99;
				GCC_DYNAMIC_NO_PIC = NO;
				GCC_NO_COMMON_BLOCKS = YES;
				GCC_OPTIMIZATION_LEVEL = 0;
				GCC_PREPROCESSOR_DEFINITIONS = (
					"DEBUG=1",
					"$(inherited)",
				);
				GCC_WARN_64_TO_32_BIT_CONVERSION = YES;
				GCC_WARN_ABOUT_RETURN_TYPE = YES_ERROR;
				GCC_WARN_UNDECLARED_SELECTOR = YES;
				GCC_WARN_UNINITIALIZED_AUTOS = YES_AGGRESSIVE;
				GCC_WARN_UNUSED_FUNCTION = YES;
				GCC_WARN_UNUSED_VARIABLE = YES;
				IPHONEOS_DEPLOYMENT_TARGET = 10.0;
				MTL_ENABLE_DEBUG_INFO = YES;
				ONLY_ACTIVE_ARCH = YES;
				SDKROOT = iphoneos;
				SWIFT_ACTIVE_COMPILATION_CONDITIONS = DEBUG;
				SWIFT_OPTIMIZATION_LEVEL = "-Onone";
				TARGETED_DEVICE_FAMILY = "1,2";
			};
			name = Debug;
		};
		053C4A2D1E4E761F00CEFFFC /* Release */ = {
			isa = XCBuildConfiguration;
			buildSettings = {
				ALWAYS_SEARCH_USER_PATHS = NO;
				CLANG_ANALYZER_NONNULL = YES;
				CLANG_CXX_LANGUAGE_STANDARD = "gnu++0x";
				CLANG_CXX_LIBRARY = "libc++";
				CLANG_ENABLE_MODULES = YES;
				CLANG_ENABLE_OBJC_ARC = YES;
				CLANG_WARN_BOOL_CONVERSION = YES;
				CLANG_WARN_CONSTANT_CONVERSION = YES;
				CLANG_WARN_DIRECT_OBJC_ISA_USAGE = YES_ERROR;
				CLANG_WARN_DOCUMENTATION_COMMENTS = YES;
				CLANG_WARN_EMPTY_BODY = YES;
				CLANG_WARN_ENUM_CONVERSION = YES;
				CLANG_WARN_INFINITE_RECURSION = YES;
				CLANG_WARN_INT_CONVERSION = YES;
				CLANG_WARN_OBJC_ROOT_CLASS = YES_ERROR;
				CLANG_WARN_SUSPICIOUS_MOVES = YES;
				CLANG_WARN_UNREACHABLE_CODE = YES;
				CLANG_WARN__DUPLICATE_METHOD_MATCH = YES;
				"CODE_SIGN_IDENTITY[sdk=iphoneos*]" = "iPhone Developer";
				COPY_PHASE_STRIP = NO;
				DEBUG_INFORMATION_FORMAT = "dwarf-with-dsym";
				ENABLE_NS_ASSERTIONS = NO;
				ENABLE_STRICT_OBJC_MSGSEND = YES;
				GCC_C_LANGUAGE_STANDARD = gnu99;
				GCC_NO_COMMON_BLOCKS = YES;
				GCC_WARN_64_TO_32_BIT_CONVERSION = YES;
				GCC_WARN_ABOUT_RETURN_TYPE = YES_ERROR;
				GCC_WARN_UNDECLARED_SELECTOR = YES;
				GCC_WARN_UNINITIALIZED_AUTOS = YES_AGGRESSIVE;
				GCC_WARN_UNUSED_FUNCTION = YES;
				GCC_WARN_UNUSED_VARIABLE = YES;
				IPHONEOS_DEPLOYMENT_TARGET = 10.0;
				MTL_ENABLE_DEBUG_INFO = NO;
				SDKROOT = iphoneos;
				SWIFT_OPTIMIZATION_LEVEL = "-Owholemodule";
				TARGETED_DEVICE_FAMILY = "1,2";
				VALIDATE_PRODUCT = YES;
			};
			name = Release;
		};
		053C4A2F1E4E761F00CEFFFC /* Debug */ = {
			isa = XCBuildConfiguration;
			baseConfigurationReference = 45B2B3B1B0134CCE49117C95 /* Pods-brws-mv.debug.xcconfig */;
			buildSettings = {
				ASSETCATALOG_COMPILER_APPICON_NAME = AppIcon;
				DEVELOPMENT_TEAM = RMWQMGE5WJ;
				INFOPLIST_FILE = "brws-mv/Info.plist";
				LD_RUNPATH_SEARCH_PATHS = "$(inherited) @executable_path/Frameworks";
				PRODUCT_BUNDLE_IDENTIFIER = "tk.dunyakirkali.brws-mv";
				PRODUCT_NAME = "$(TARGET_NAME)";
				SWIFT_VERSION = 3.0;
			};
			name = Debug;
		};
		053C4A301E4E761F00CEFFFC /* Release */ = {
			isa = XCBuildConfiguration;
			baseConfigurationReference = 7DEB7BD0E911B9F31446C520 /* Pods-brws-mv.release.xcconfig */;
			buildSettings = {
				ASSETCATALOG_COMPILER_APPICON_NAME = AppIcon;
				DEVELOPMENT_TEAM = RMWQMGE5WJ;
				INFOPLIST_FILE = "brws-mv/Info.plist";
				LD_RUNPATH_SEARCH_PATHS = "$(inherited) @executable_path/Frameworks";
				PRODUCT_BUNDLE_IDENTIFIER = "tk.dunyakirkali.brws-mv";
				PRODUCT_NAME = "$(TARGET_NAME)";
				SWIFT_VERSION = 3.0;
			};
			name = Release;
		};
/* End XCBuildConfiguration section */

/* Begin XCConfigurationList section */
		053C4A171E4E761F00CEFFFC /* Build configuration list for PBXProject "brws-mv" */ = {
			isa = XCConfigurationList;
			buildConfigurations = (
				053C4A2C1E4E761F00CEFFFC /* Debug */,
				053C4A2D1E4E761F00CEFFFC /* Release */,
			);
			defaultConfigurationIsVisible = 0;
			defaultConfigurationName = Release;
		};
		053C4A2E1E4E761F00CEFFFC /* Build configuration list for PBXNativeTarget "brws-mv" */ = {
			isa = XCConfigurationList;
			buildConfigurations = (
				053C4A2F1E4E761F00CEFFFC /* Debug */,
				053C4A301E4E761F00CEFFFC /* Release */,
			);
			defaultConfigurationIsVisible = 0;
			defaultConfigurationName = Release;
		};
/* End XCConfigurationList section */
	};
	rootObject = 053C4A141E4E761F00CEFFFC /* Project object */;
}
